
Microsoft Visual Studio Solution File, Format Version 12.00
# Visual Studio 14
VisualStudioVersion = 14.0.25420.1
MinimumVisualStudioVersion = 10.0.40219.1
Project("{FAE04EC0-301F-11D3-BF4B-00C04F79EFBC}") = "program1", "program1\program1.csproj", "{8DAC4F02-3922-490E-BBDA-D0A3D029A08C}"
EndProject
Project("{FAE04EC0-301F-11D3-BF4B-00C04F79EFBC}") = "program2", "program2\program2.csproj", "{168CE2D1-720F-4D2F-97AF-9E6152D6B502}"
EndProject
Global
	GlobalSection(SolutionConfigurationPlatforms) = preSolution
		Debug|Any CPU = Debug|Any CPU
		Release|Any CPU = Release|Any CPU
	EndGlobalSection
	GlobalSection(ProjectConfigurationPlatforms) = postSolution
		{8DAC4F02-3922-490E-BBDA-D0A3D029A08C}.Debug|Any CPU.ActiveCfg = Debug|Any CPU
		{8DAC4F02-3922-490E-BBDA-D0A3D029A08C}.Debug|Any CPU.Build.0 = Debug|Any CPU
		{8DAC4F02-3922-490E-BBDA-D0A3D029A08C}.Release|Any CPU.ActiveCfg = Release|Any CPU
		{8DAC4F02-3922-490E-BBDA-D0A3D029A08C}.Release|Any CPU.Build.0 = Release|Any CPU
		{168CE2D1-720F-4D2F-97AF-9E6152D6B502}.Debug|Any CPU.ActiveCfg = Debug|Any CPU
		{168CE2D1-720F-4D2F-97AF-9E6152D6B502}.Debug|Any CPU.Build.0 = Debug|Any CPU
		{168CE2D1-720F-4D2F-97AF-9E6152D6B502}.Release|Any CPU.ActiveCfg = Release|Any CPU
		{168CE2D1-720F-4D2F-97AF-9E6152D6B502}.Release|Any CPU.Build.0 = Release|Any CPU
	EndGlobalSection
	GlobalSection(SolutionProperties) = preSolution
		HideSolutionNode = FALSE
	EndGlobalSection
EndGlobal
