
Microsoft Visual Studio Solution File, Format Version 12.00
# Visual Studio 14
VisualStudioVersion = 14.0.25420.1
MinimumVisualStudioVersion = 10.0.40219.1
Project("{FAE04EC0-301F-11D3-BF4B-00C04F79EFBC}") = "Question1", "Question1\Question1.csproj", "{14D39451-DF75-476D-B90A-A45F779DA029}"
EndProject
Project("{FAE04EC0-301F-11D3-BF4B-00C04F79EFBC}") = "Question2", "Question2\Question2.csproj", "{58E1F575-9210-4929-A1FD-5E10A7A2B465}"
EndProject
Global
	GlobalSection(SolutionConfigurationPlatforms) = preSolution
		Debug|Any CPU = Debug|Any CPU
		Release|Any CPU = Release|Any CPU
	EndGlobalSection
	GlobalSection(ProjectConfigurationPlatforms) = postSolution
		{14D39451-DF75-476D-B90A-A45F779DA029}.Debug|Any CPU.ActiveCfg = Debug|Any CPU
		{14D39451-DF75-476D-B90A-A45F779DA029}.Debug|Any CPU.Build.0 = Debug|Any CPU
		{14D39451-DF75-476D-B90A-A45F779DA029}.Release|Any CPU.ActiveCfg = Release|Any CPU
		{14D39451-DF75-476D-B90A-A45F779DA029}.Release|Any CPU.Build.0 = Release|Any CPU
		{58E1F575-9210-4929-A1FD-5E10A7A2B465}.Debug|Any CPU.ActiveCfg = Debug|Any CPU
		{58E1F575-9210-4929-A1FD-5E10A7A2B465}.Debug|Any CPU.Build.0 = Debug|Any CPU
		{58E1F575-9210-4929-A1FD-5E10A7A2B465}.Release|Any CPU.ActiveCfg = Release|Any CPU
		{58E1F575-9210-4929-A1FD-5E10A7A2B465}.Release|Any CPU.Build.0 = Release|Any CPU
	EndGlobalSection
	GlobalSection(SolutionProperties) = preSolution
		HideSolutionNode = FALSE
	EndGlobalSection
EndGlobal
